
Microsoft Visual Studio Solution File, Format Version 12.00
# Visual Studio Version 17
VisualStudioVersion = 17.4.33403.182
MinimumVisualStudioVersion = 10.0.40219.1
Project("{FAE04EC0-301F-11D3-BF4B-00C04F79EFBC}") = "WPF_DB", "WPF_DB\WPF_DB.csproj", "{5EF8FFA9-73F5-49DA-B5A7-E8CE80E71C2F}"
EndProject
Global
	GlobalSection(SolutionConfigurationPlatforms) = preSolution
		Debug|Any CPU = Debug|Any CPU
		Release|Any CPU = Release|Any CPU
	EndGlobalSection
	GlobalSection(ProjectConfigurationPlatforms) = postSolution
		{5EF8FFA9-73F5-49DA-B5A7-E8CE80E71C2F}.Debug|Any CPU.ActiveCfg = Debug|Any CPU
		{5EF8FFA9-73F5-49DA-B5A7-E8CE80E71C2F}.Debug|Any CPU.Build.0 = Debug|Any CPU
		{5EF8FFA9-73F5-49DA-B5A7-E8CE80E71C2F}.Release|Any CPU.ActiveCfg = Release|Any CPU
		{5EF8FFA9-73F5-49DA-B5A7-E8CE80E71C2F}.Release|Any CPU.Build.0 = Release|Any CPU
	EndGlobalSection
	GlobalSection(SolutionProperties) = preSolution
		HideSolutionNode = FALSE
	EndGlobalSection
	GlobalSection(ExtensibilityGlobals) = postSolution
		SolutionGuid = {19F07BCA-0AB3-4741-9367-07ADF79C9A4C}
	EndGlobalSection
EndGlobal
